
Microsoft Visual Studio Solution File, Format Version 12.00
# Visual Studio Version 17
VisualStudioVersion = 17.7.34221.43
MinimumVisualStudioVersion = 10.0.40219.1
Project("{FAE04EC0-301F-11D3-BF4B-00C04F79EFBC}") = "RockPaperScissors", "RockPaperScissors\RockPaperScissors.csproj", "{365262AA-3204-4313-8773-143D591BD2EC}"
EndProject
Global
	GlobalSection(SolutionConfigurationPlatforms) = preSolution
		Debug|Any CPU = Debug|Any CPU
		Release|Any CPU = Release|Any CPU
	EndGlobalSection
	GlobalSection(ProjectConfigurationPlatforms) = postSolution
		{365262AA-3204-4313-8773-143D591BD2EC}.Debug|Any CPU.ActiveCfg = Debug|Any CPU
		{365262AA-3204-4313-8773-143D591BD2EC}.Debug|Any CPU.Build.0 = Debug|Any CPU
		{365262AA-3204-4313-8773-143D591BD2EC}.Release|Any CPU.ActiveCfg = Release|Any CPU
		{365262AA-3204-4313-8773-143D591BD2EC}.Release|Any CPU.Build.0 = Release|Any CPU
	EndGlobalSection
	GlobalSection(SolutionProperties) = preSolution
		HideSolutionNode = FALSE
	EndGlobalSection
	GlobalSection(ExtensibilityGlobals) = postSolution
		SolutionGuid = {BEDC4F8A-CDA9-4F2E-9B12-CB076340B0F0}
	EndGlobalSection
EndGlobal
